
Microsoft Visual Studio Solution File, Format Version 12.00
# Visual Studio Version 16
VisualStudioVersion = 16.0.34301.259
MinimumVisualStudioVersion = 10.0.40219.1
Project("{FAE04EC0-301F-11D3-BF4B-00C04F79EFBC}") = "Héritage_Géométrie", "Héritage_Géométrie\Héritage_Géométrie.csproj", "{F7B52758-A5FF-47D0-A78C-9D723E15C87C}"
EndProject
Global
	GlobalSection(SolutionConfigurationPlatforms) = preSolution
		Debug|Any CPU = Debug|Any CPU
		Release|Any CPU = Release|Any CPU
	EndGlobalSection
	GlobalSection(ProjectConfigurationPlatforms) = postSolution
		{F7B52758-A5FF-47D0-A78C-9D723E15C87C}.Debug|Any CPU.ActiveCfg = Debug|Any CPU
		{F7B52758-A5FF-47D0-A78C-9D723E15C87C}.Debug|Any CPU.Build.0 = Debug|Any CPU
		{F7B52758-A5FF-47D0-A78C-9D723E15C87C}.Release|Any CPU.ActiveCfg = Release|Any CPU
		{F7B52758-A5FF-47D0-A78C-9D723E15C87C}.Release|Any CPU.Build.0 = Release|Any CPU
	EndGlobalSection
	GlobalSection(SolutionProperties) = preSolution
		HideSolutionNode = FALSE
	EndGlobalSection
	GlobalSection(ExtensibilityGlobals) = postSolution
		SolutionGuid = {01434DCF-D064-47AE-BA04-9EBFC46DF6BD}
	EndGlobalSection
EndGlobal
